PODS:
  - DRColorPicker (1.0.11)
  - IGColorPicker (0.4.2):
    - M13Checkbox (~> 3.2.0)
  - M13Checkbox (3.2.2)
  - Realm (3.20.0):
    - Realm/Headers (= 3.20.0)
  - Realm/Headers (3.20.0)
  - RealmSwift (3.20.0):
    - Realm (= 3.20.0)
  - SCLAlertView (0.8)

DEPENDENCIES:
  - DRColorPicker
  - IGColorPicker (~> 0.4)
  - RealmSwift
  - SCLAlertView (~> 0.8)

SPEC REPOS:
  trunk:
    - DRColorPicker
    - IGColorPicker
    - M13Checkbox
    - Realm
    - RealmSwift
    - SCLAlertView

SPEC CHECKSUMS:
  DRColorPicker: d4291e8ac469f5762b1f1f6a98e8e1b3bf230ad6
  IGColorPicker: c6d43aa386a9fdc8f958f3bd4e5ab85905242c8a
  M13Checkbox: a8c2491cfbbca10797925fd0b9154a782bf40d89
  Realm: 8b2ca5bc6479a91f379b6b42b5922e396cd5ba5a
  RealmSwift: 1949ef26a279e1845bd51d591b9103adfcd121df
  SCLAlertView: 6a77bb2edfc65e04dbe57725546cb4107a506b85

PODFILE CHECKSUM: 18aa0077378b64afcc59459dbc1fada7f6855ec3

COCOAPODS: 1.8.4
